
Microsoft Visual Studio Solution File, Format Version 12.00
# Visual Studio 15
VisualStudioVersion = 15.0.33403.129
MinimumVisualStudioVersion = 10.0.40219.1
Project("{FAE04EC0-301F-11D3-BF4B-00C04F79EFBC}") = "Question_Paper_Generator", "Question_Paper_Generator\Question_Paper_Generator.csproj", "{70F07963-2D82-4344-B5B0-682B43B3590A}"
EndProject
Global
	GlobalSection(SolutionConfigurationPlatforms) = preSolution
		Debug|Any CPU = Debug|Any CPU
		Release|Any CPU = Release|Any CPU
	EndGlobalSection
	GlobalSection(ProjectConfigurationPlatforms) = postSolution
		{70F07963-2D82-4344-B5B0-682B43B3590A}.Debug|Any CPU.ActiveCfg = Debug|Any CPU
		{70F07963-2D82-4344-B5B0-682B43B3590A}.Debug|Any CPU.Build.0 = Debug|Any CPU
		{70F07963-2D82-4344-B5B0-682B43B3590A}.Release|Any CPU.ActiveCfg = Release|Any CPU
		{70F07963-2D82-4344-B5B0-682B43B3590A}.Release|Any CPU.Build.0 = Release|Any CPU
	EndGlobalSection
	GlobalSection(SolutionProperties) = preSolution
		HideSolutionNode = FALSE
	EndGlobalSection
	GlobalSection(ExtensibilityGlobals) = postSolution
		SolutionGuid = {C3A3C8E1-B78A-4F67-B4C1-B2B4579F5197}
	EndGlobalSection
EndGlobal
